// !$*UTF8*$!
{
	archiveVersion = 1;
	classes = {
	};
	objectVersion = 50;
	objects = {

/* Begin PBXBuildFile section */
		BD99D146259FB0B50000F4BE /* AppDelegate.swift in Sources */ = {isa = PBXBuildFile; fileRef = BD99D145259FB0B50000F4BE /* AppDelegate.swift */; };
		BD99D148259FB0B50000F4BE /* SceneDelegate.swift in Sources */ = {isa = PBXBuildFile; fileRef = BD99D147259FB0B50000F4BE /* SceneDelegate.swift */; };
		BD99D14A259FB0B50000F4BE /* ViewController.swift in Sources */ = {isa = PBXBuildFile; fileRef = BD99D149259FB0B50000F4BE /* ViewController.swift */; };
		BD99D14D259FB0B50000F4BE /* Main.storyboard in Resources */ = {isa = PBXBuildFile; fileRef = BD99D14B259FB0B50000F4BE /* Main.storyboard */; };
		BD99D14F259FB0B80000F4BE /* Assets.xcassets in Resources */ = {isa = PBXBuildFile; fileRef = BD99D14E259FB0B80000F4BE /* Assets.xcassets */; };
		BD99D152259FB0B80000F4BE /* LaunchScreen.storyboard in Resources */ = {isa = PBXBuildFile; fileRef = BD99D150259FB0B80000F4BE /* LaunchScreen.storyboard */; };
		BD99D161259FCB120000F4BE /* FlexibleHeader.swift in Sources */ = {isa = PBXBuildFile; fileRef = BD99D160259FCB120000F4BE /* FlexibleHeader.swift */; };
		BD99D164259FCDCD0000F4BE /* StaticFlexibleHeader.swift in Sources */ = {isa = PBXBuildFile; fileRef = BD99D163259FCDCD0000F4BE /* StaticFlexibleHeader.swift */; };
		BD99D16925A0BA670000F4BE /* ImageViewerViewController.swift in Sources */ = {isa = PBXBuildFile; fileRef = BD99D16825A0BA670000F4BE /* ImageViewerViewController.swift */; };
		BD99D16E25A0BCF70000F4BE /* Coordinator.swift in Sources */ = {isa = PBXBuildFile; fileRef = BD99D16D25A0BCF70000F4BE /* Coordinator.swift */; };
/* End PBXBuildFile section */

/* Begin PBXFileReference section */
		BD99D142259FB0B50000F4BE /* ModernDesignsApp.app */ = {isa = PBXFileReference; explicitFileType = wrapper.application; includeInIndex = 0; path = ModernDesignsApp.app; sourceTree = BUILT_PRODUCTS_DIR; };
		BD99D145259FB0B50000F4BE /* AppDelegate.swift */ = {isa = PBXFileReference; lastKnownFileType = sourcecode.swift; path = AppDelegate.swift; sourceTree = "<group>"; };
		BD99D147259FB0B50000F4BE /* SceneDelegate.swift */ = {isa = PBXFileReference; lastKnownFileType = sourcecode.swift; path = SceneDelegate.swift; sourceTree = "<group>"; };
		BD99D149259FB0B50000F4BE /* ViewController.swift */ = {isa = PBXFileReference; lastKnownFileType = sourcecode.swift; path = ViewController.swift; sourceTree = "<group>"; };
		BD99D14C259FB0B50000F4BE /* Base */ = {isa = PBXFileReference; lastKnownFileType = file.storyboard; name = Base; path = Base.lproj/Main.storyboard; sourceTree = "<group>"; };
		BD99D14E259FB0B80000F4BE /* Assets.xcassets */ = {isa = PBXFileReference; lastKnownFileType = folder.assetcatalog; path = Assets.xcassets; sourceTree = "<group>"; };
		BD99D151259FB0B80000F4BE /* Base */ = {isa = PBXFileReference; lastKnownFileType = file.storyboard; name = Base; path = Base.lproj/LaunchScreen.storyboard; sourceTree = "<group>"; };
		BD99D153259FB0B80000F4BE /* Info.plist */ = {isa = PBXFileReference; lastKnownFileType = text.plist.xml; path = Info.plist; sourceTree = "<group>"; };
		BD99D160259FCB120000F4BE /* FlexibleHeader.swift */ = {isa = PBXFileReference; lastKnownFileType = sourcecode.swift; path = FlexibleHeader.swift; sourceTree = "<group>"; };
		BD99D163259FCDCD0000F4BE /* StaticFlexibleHeader.swift */ = {isa = PBXFileReference; lastKnownFileType = sourcecode.swift; path = StaticFlexibleHeader.swift; sourceTree = "<group>"; };
		BD99D16825A0BA670000F4BE /* ImageViewerViewController.swift */ = {isa = PBXFileReference; lastKnownFileType = sourcecode.swift; path = ImageViewerViewController.swift; sourceTree = "<group>"; };
		BD99D16D25A0BCF70000F4BE /* Coordinator.swift */ = {isa = PBXFileReference; lastKnownFileType = sourcecode.swift; path = Coordinator.swift; sourceTree = "<group>"; };
/* End PBXFileReference section */

/* Begin PBXFrameworksBuildPhase section */
		BD99D13F259FB0B50000F4BE /* Frameworks */ = {
			isa = PBXFrameworksBuildPhase;
			buildActionMask = 2147483647;
			files = (
			);
			runOnlyForDeploymentPostprocessing = 0;
		};
/* End PBXFrameworksBuildPhase section */

/* Begin PBXGroup section */
		BD99D139259FB0B50000F4BE = {
			isa = PBXGroup;
			children = (
				BD99D144259FB0B50000F4BE /* ModernDesignsApp */,
				BD99D143259FB0B50000F4BE /* Products */,
			);
			sourceTree = "<group>";
		};
		BD99D143259FB0B50000F4BE /* Products */ = {
			isa = PBXGroup;
			children = (
				BD99D142259FB0B50000F4BE /* ModernDesignsApp.app */,
			);
			name = Products;
			sourceTree = "<group>";
		};
		BD99D144259FB0B50000F4BE /* ModernDesignsApp */ = {
			isa = PBXGroup;
			children = (
				BD99D16C25A0BCE80000F4BE /* Coordinator */,
				BD99D16725A0BA3C0000F4BE /* ImageDetails */,
				BD99D15A259FB1F30000F4BE /* FlexibleHeader */,
				BD99D145259FB0B50000F4BE /* AppDelegate.swift */,
				BD99D147259FB0B50000F4BE /* SceneDelegate.swift */,
				BD99D149259FB0B50000F4BE /* ViewController.swift */,
				BD99D14B259FB0B50000F4BE /* Main.storyboard */,
				BD99D14E259FB0B80000F4BE /* Assets.xcassets */,
				BD99D150259FB0B80000F4BE /* LaunchScreen.storyboard */,
				BD99D153259FB0B80000F4BE /* Info.plist */,
			);
			path = ModernDesignsApp;
			sourceTree = "<group>";
		};
		BD99D15A259FB1F30000F4BE /* FlexibleHeader */ = {
			isa = PBXGroup;
			children = (
				BD99D160259FCB120000F4BE /* FlexibleHeader.swift */,
				BD99D163259FCDCD0000F4BE /* StaticFlexibleHeader.swift */,
			);
			path = FlexibleHeader;
			sourceTree = "<group>";
		};
		BD99D16725A0BA3C0000F4BE /* ImageDetails */ = {
			isa = PBXGroup;
			children = (
				BD99D16825A0BA670000F4BE /* ImageViewerViewController.swift */,
			);
			path = ImageDetails;
			sourceTree = "<group>";
		};
		BD99D16C25A0BCE80000F4BE /* Coordinator */ = {
			isa = PBXGroup;
			children = (
				BD99D16D25A0BCF70000F4BE /* Coordinator.swift */,
			);
			path = Coordinator;
			sourceTree = "<group>";
		};
/* End PBXGroup section */

/* Begin PBXNativeTarget section */
		BD99D141259FB0B50000F4BE /* ModernDesignsApp */ = {
			isa = PBXNativeTarget;
			buildConfigurationList = BD99D156259FB0B80000F4BE /* Build configuration list for PBXNativeTarget "ModernDesignsApp" */;
			buildPhases = (
				BD99D13E259FB0B50000F4BE /* Sources */,
				BD99D13F259FB0B50000F4BE /* Frameworks */,
				BD99D140259FB0B50000F4BE /* Resources */,
			);
			buildRules = (
			);
			dependencies = (
			);
			name = ModernDesignsApp;
			productName = ModernDesignsApp;
			productReference = BD99D142259FB0B50000F4BE /* ModernDesignsApp.app */;
			productType = "com.apple.product-type.application";
		};
/* End PBXNativeTarget section */

/* Begin PBXProject section */
		BD99D13A259FB0B50000F4BE /* Project object */ = {
			isa = PBXProject;
			attributes = {
				LastSwiftUpdateCheck = 1230;
				LastUpgradeCheck = 1230;
				TargetAttributes = {
					BD99D141259FB0B50000F4BE = {
						CreatedOnToolsVersion = 12.3;
					};
				};
			};
			buildConfigurationList = BD99D13D259FB0B50000F4BE /* Build configuration list for PBXProject "ModernDesignsApp" */;
			compatibilityVersion = "Xcode 9.3";
			developmentRegion = en;
			hasScannedForEncodings = 0;
			knownRegions = (
				en,
				Base,
			);
			mainGroup = BD99D139259FB0B50000F4BE;
			productRefGroup = BD99D143259FB0B50000F4BE /* Products */;
			projectDirPath = "";
			projectRoot = "";
			targets = (
				BD99D141259FB0B50000F4BE /* ModernDesignsApp */,
			);
		};
/* End PBXProject section */

/* Begin PBXResourcesBuildPhase section */
		BD99D140259FB0B50000F4BE /* Resources */ = {
			isa = PBXResourcesBuildPhase;
			buildActionMask = 2147483647;
			files = (
				BD99D152259FB0B80000F4BE /* LaunchScreen.storyboard in Resources */,
				BD99D14F259FB0B80000F4BE /* Assets.xcassets in Resources */,
				BD99D14D259FB0B50000F4BE /* Main.storyboard in Resources */,
			);
			runOnlyForDeploymentPostprocessing = 0;
		};
/* End PBXResourcesBuildPhase section */

/* Begin PBXSourcesBuildPhase section */
		BD99D13E259FB0B50000F4BE /* Sources */ = {
			isa = PBXSourcesBuildPhase;
			buildActionMask = 2147483647;
			files = (
				BD99D16925A0BA670000F4BE /* ImageViewerViewController.swift in Sources */,
				BD99D164259FCDCD0000F4BE /* StaticFlexibleHeader.swift in Sources */,
				BD99D14A259FB0B50000F4BE /* ViewController.swift in Sources */,
				BD99D146259FB0B50000F4BE /* AppDelegate.swift in Sources */,
				BD99D161259FCB120000F4BE /* FlexibleHeader.swift in Sources */,
				BD99D148259FB0B50000F4BE /* SceneDelegate.swift in Sources */,
				BD99D16E25A0BCF70000F4BE /* Coordinator.swift in Sources */,
			);
			runOnlyForDeploymentPostprocessing = 0;
		};
/* End PBXSourcesBuildPhase section */

/* Begin PBXVariantGroup section */
		BD99D14B259FB0B50000F4BE /* Main.storyboard */ = {
			isa = PBXVariantGroup;
			children = (
				BD99D14C259FB0B50000F4BE /* Base */,
			);
			name = Main.storyboard;
			sourceTree = "<group>";
		};
		BD99D150259FB0B80000F4BE /* LaunchScreen.storyboard */ = {
			isa = PBXVariantGroup;
			children = (
				BD99D151259FB0B80000F4BE /* Base */,
			);
			name = LaunchScreen.storyboard;
			sourceTree = "<group>";
		};
/* End PBXVariantGroup section */

/* Begin XCBuildConfiguration section */
		BD99D154259FB0B80000F4BE /* Debug */ = {
			isa = XCBuildConfiguration;
			buildSettings = {
				ALWAYS_SEARCH_USER_PATHS = NO;
				CLANG_ANALYZER_NONNULL = YES;
				CLANG_ANALYZER_NUMBER_OBJECT_CONVERSION = YES_AGGRESSIVE;
				CLANG_CXX_LANGUAGE_STANDARD = "gnu++14";
				CLANG_CXX_LIBRARY = "libc++";
				CLANG_ENABLE_MODULES = YES;
				CLANG_ENABLE_OBJC_ARC = YES;
				CLANG_ENABLE_OBJC_WEAK = YES;
				CLANG_WARN_BLOCK_CAPTURE_AUTORELEASING = YES;
				CLANG_WARN_BOOL_CONVERSION = YES;
				CLANG_WARN_COMMA = YES;
				CLANG_WARN_CONSTANT_CONVERSION = YES;
				CLANG_WARN_DEPRECATED_OBJC_IMPLEMENTATIONS = YES;
				CLANG_WARN_DIRECT_OBJC_ISA_USAGE = YES_ERROR;
				CLANG_WARN_DOCUMENTATION_COMMENTS = YES;
				CLANG_WARN_EMPTY_BODY = YES;
				CLANG_WARN_ENUM_CONVERSION = YES;
				CLANG_WARN_INFINITE_RECURSION = YES;
				CLANG_WARN_INT_CONVERSION = YES;
				CLANG_WARN_NON_LITERAL_NULL_CONVERSION = YES;
				CLANG_WARN_OBJC_IMPLICIT_RETAIN_SELF = YES;
				CLANG_WARN_OBJC_LITERAL_CONVERSION = YES;
				CLANG_WARN_OBJC_ROOT_CLASS = YES_ERROR;
				CLANG_WARN_QUOTED_INCLUDE_IN_FRAMEWORK_HEADER = YES;
				CLANG_WARN_RANGE_LOOP_ANALYSIS = YES;
				CLANG_WARN_STRICT_PROTOTYPES = YES;
				CLANG_WARN_SUSPICIOUS_MOVE = YES;
				CLANG_WARN_UNGUARDED_AVAILABILITY = YES_AGGRESSIVE;
				CLANG_WARN_UNREACHABLE_CODE = YES;
				CLANG_WARN__DUPLICATE_METHOD_MATCH = YES;
				COPY_PHASE_STRIP = NO;
				DEBUG_INFORMATION_FORMAT = dwarf;
				ENABLE_STRICT_OBJC_MSGSEND = YES;
				ENABLE_TESTABILITY = YES;
				GCC_C_LANGUAGE_STANDARD = gnu11;
				GCC_DYNAMIC_NO_PIC = NO;
				GCC_NO_COMMON_BLOCKS = YES;
				GCC_OPTIMIZATION_LEVEL = 0;
				GCC_PREPROCESSOR_DEFINITIONS = (
					"DEBUG=1",
					"$(inherited)",
				);
				GCC_WARN_64_TO_32_BIT_CONVERSION = YES;
				GCC_WARN_ABOUT_RETURN_TYPE = YES_ERROR;
				GCC_WARN_UNDECLARED_SELECTOR = YES;
				GCC_WARN_UNINITIALIZED_AUTOS = YES_AGGRESSIVE;
				GCC_WARN_UNUSED_FUNCTION = YES;
				GCC_WARN_UNUSED_VARIABLE = YES;
				IPHONEOS_DEPLOYMENT_TARGET = 14.3;
				MTL_ENABLE_DEBUG_INFO = INCLUDE_SOURCE;
				MTL_FAST_MATH = YES;
				ONLY_ACTIVE_ARCH = YES;
				SDKROOT = iphoneos;
				SWIFT_ACTIVE_COMPILATION_CONDITIONS = DEBUG;
				SWIFT_OPTIMIZATION_LEVEL = "-Onone";
			};
			name = Debug;
		};
		BD99D155259FB0B80000F4BE /* Release */ = {
			isa = XCBuildConfiguration;
			buildSettings = {
				ALWAYS_SEARCH_USER_PATHS = NO;
				CLANG_ANALYZER_NONNULL = YES;
				CLANG_ANALYZER_NUMBER_OBJECT_CONVERSION = YES_AGGRESSIVE;
				CLANG_CXX_LANGUAGE_STANDARD = "gnu++14";
				CLANG_CXX_LIBRARY = "libc++";
				CLANG_ENABLE_MODULES = YES;
				CLANG_ENABLE_OBJC_ARC = YES;
				CLANG_ENABLE_OBJC_WEAK = YES;
				CLANG_WARN_BLOCK_CAPTURE_AUTORELEASING = YES;
				CLANG_WARN_BOOL_CONVERSION = YES;
				CLANG_WARN_COMMA = YES;
				CLANG_WARN_CONSTANT_CONVERSION = YES;
				CLANG_WARN_DEPRECATED_OBJC_IMPLEMENTATIONS = YES;
				CLANG_WARN_DIRECT_OBJC_ISA_USAGE = YES_ERROR;
				CLANG_WARN_DOCUMENTATION_COMMENTS = YES;
				CLANG_WARN_EMPTY_BODY = YES;
				CLANG_WARN_ENUM_CONVERSION = YES;
				CLANG_WARN_INFINITE_RECURSION = YES;
				CLANG_WARN_INT_CONVERSION = YES;
				CLANG_WARN_NON_LITERAL_NULL_CONVERSION = YES;
				CLANG_WARN_OBJC_IMPLICIT_RETAIN_SELF = YES;
				CLANG_WARN_OBJC_LITERAL_CONVERSION = YES;
				CLANG_WARN_OBJC_ROOT_CLASS = YES_ERROR;
				CLANG_WARN_QUOTED_INCLUDE_IN_FRAMEWORK_HEADER = YES;
				CLANG_WARN_RANGE_LOOP_ANALYSIS = YES;
				CLANG_WARN_STRICT_PROTOTYPES = YES;
				CLANG_WARN_SUSPICIOUS_MOVE = YES;
				CLANG_WARN_UNGUARDED_AVAILABILITY = YES_AGGRESSIVE;
				CLANG_WARN_UNREACHABLE_CODE = YES;
				CLANG_WARN__DUPLICATE_METHOD_MATCH = YES;
				COPY_PHASE_STRIP = NO;
				DEBUG_INFORMATION_FORMAT = "dwarf-with-dsym";
				ENABLE_NS_ASSERTIONS = NO;
				ENABLE_STRICT_OBJC_MSGSEND = YES;
				GCC_C_LANGUAGE_STANDARD = gnu11;
				GCC_NO_COMMON_BLOCKS = YES;
				GCC_WARN_64_TO_32_BIT_CONVERSION = YES;
				GCC_WARN_ABOUT_RETURN_TYPE = YES_ERROR;
				GCC_WARN_UNDECLARED_SELECTOR = YES;
				GCC_WARN_UNINITIALIZED_AUTOS = YES_AGGRESSIVE;
				GCC_WARN_UNUSED_FUNCTION = YES;
				GCC_WARN_UNUSED_VARIABLE = YES;
				IPHONEOS_DEPLOYMENT_TARGET = 14.3;
				MTL_ENABLE_DEBUG_INFO = NO;
				MTL_FAST_MATH = YES;
				SDKROOT = iphoneos;
				SWIFT_COMPILATION_MODE = wholemodule;
				SWIFT_OPTIMIZATION_LEVEL = "-O";
				VALIDATE_PRODUCT = YES;
			};
			name = Release;
		};
		BD99D157259FB0B80000F4BE /* Debug */ = {
			isa = XCBuildConfiguration;
			buildSettings = {
				ASSETCATALOG_COMPILER_APPICON_NAME = AppIcon;
				ASSETCATALOG_COMPILER_GLOBAL_ACCENT_COLOR_NAME = AccentColor;
				CODE_SIGN_STYLE = Automatic;
				DEVELOPMENT_TEAM = 892A6H2M59;
				INFOPLIST_FILE = ModernDesignsApp/Info.plist;
				LD_RUNPATH_SEARCH_PATHS = (
					"$(inherited)",
					"@executable_path/Frameworks",
				);
				PRODUCT_BUNDLE_IDENTIFIER = sonzo.miaunconference.ModernDesignsApp;
				PRODUCT_NAME = "$(TARGET_NAME)";
				SWIFT_VERSION = 5.0;
				TARGETED_DEVICE_FAMILY = "1,2";
			};
			name = Debug;
		};
		BD99D158259FB0B80000F4BE /* Release */ = {
			isa = XCBuildConfiguration;
			buildSettings = {
				ASSETCATALOG_COMPILER_APPICON_NAME = AppIcon;
				ASSETCATALOG_COMPILER_GLOBAL_ACCENT_COLOR_NAME = AccentColor;
				CODE_SIGN_STYLE = Automatic;
				DEVELOPMENT_TEAM = 892A6H2M59;
				INFOPLIST_FILE = ModernDesignsApp/Info.plist;
				LD_RUNPATH_SEARCH_PATHS = (
					"$(inherited)",
					"@executable_path/Frameworks",
				);
				PRODUCT_BUNDLE_IDENTIFIER = sonzo.miaunconference.ModernDesignsApp;
				PRODUCT_NAME = "$(TARGET_NAME)";
				SWIFT_VERSION = 5.0;
				TARGETED_DEVICE_FAMILY = "1,2";
			};
			name = Release;
		};
/* End XCBuildConfiguration section */

/* Begin XCConfigurationList section */
		BD99D13D259FB0B50000F4BE /* Build configuration list for PBXProject "ModernDesignsApp" */ = {
			isa = XCConfigurationList;
			buildConfigurations = (
				BD99D154259FB0B80000F4BE /* Debug */,
				BD99D155259FB0B80000F4BE /* Release */,
			);
			defaultConfigurationIsVisible = 0;
			defaultConfigurationName = Release;
		};
		BD99D156259FB0B80000F4BE /* Build configuration list for PBXNativeTarget "ModernDesignsApp" */ = {
			isa = XCConfigurationList;
			buildConfigurations = (
				BD99D157259FB0B80000F4BE /* Debug */,
				BD99D158259FB0B80000F4BE /* Release */,
			);
			defaultConfigurationIsVisible = 0;
			defaultConfigurationName = Release;
		};
/* End XCConfigurationList section */
	};
	rootObject = BD99D13A259FB0B50000F4BE /* Project object */;
}
